
Microsoft Visual Studio Solution File, Format Version 12.00
# Visual Studio Version 17
VisualStudioVersion = 17.0.31903.59
MinimumVisualStudioVersion = 10.0.40219.1
Project("{2150E333-8FDC-42A3-9474-1A3956D46DE8}") = "src", "src", "{A9CAB064-E1BA-44AB-870E-A72C6D1AA904}"
EndProject
Project("{FAE04EC0-301F-11D3-BF4B-00C04F79EFBC}") = "EmployeeManagement.API", "src\EmployeeManagement.API\EmployeeManagement.API.csproj", "{97FDB601-7064-4EAC-9E11-C2890F48CE42}"
EndProject
Project("{FAE04EC0-301F-11D3-BF4B-00C04F79EFBC}") = "EmployeeManagement.Domain", "src\EmployeeManagement.Domain\EmployeeManagement.Domain.csproj", "{05FA4E07-2AB4-400D-8F84-C715F883B02D}"
EndProject
Project("{FAE04EC0-301F-11D3-BF4B-00C04F79EFBC}") = "EmployeeManagement.Application", "src\EmployeeManagement.Application\EmployeeManagement.Application.csproj", "{849ADB0D-E0F2-42B3-B050-7DAB06AFD6F4}"
EndProject
Project("{FAE04EC0-301F-11D3-BF4B-00C04F79EFBC}") = "EmployeeManagement.Infrastructure", "src\EmployeeManagement.Infrastructure\EmployeeManagement.Infrastructure.csproj", "{6159C1BC-C216-4977-881C-DB34F5007FB0}"
EndProject
Project("{2150E333-8FDC-42A3-9474-1A3956D46DE8}") = "tests", "tests", "{25FAED6F-3739-4D14-BFBA-D9C93B0FB250}"
EndProject
Project("{FAE04EC0-301F-11D3-BF4B-00C04F79EFBC}") = "EmployeeManagement.Tests", "tests\EmployeeManagement.Tests\EmployeeManagement.Tests.csproj", "{DC0711AC-1192-495F-9493-9DDA267B590C}"
EndProject
Global
	GlobalSection(SolutionConfigurationPlatforms) = preSolution
		Debug|Any CPU = Debug|Any CPU
		Release|Any CPU = Release|Any CPU
	EndGlobalSection
	GlobalSection(SolutionProperties) = preSolution
		HideSolutionNode = FALSE
	EndGlobalSection
	GlobalSection(ProjectConfigurationPlatforms) = postSolution
		{97FDB601-7064-4EAC-9E11-C2890F48CE42}.Debug|Any CPU.ActiveCfg = Debug|Any CPU
		{97FDB601-7064-4EAC-9E11-C2890F48CE42}.Debug|Any CPU.Build.0 = Debug|Any CPU
		{97FDB601-7064-4EAC-9E11-C2890F48CE42}.Release|Any CPU.ActiveCfg = Release|Any CPU
		{97FDB601-7064-4EAC-9E11-C2890F48CE42}.Release|Any CPU.Build.0 = Release|Any CPU
		{05FA4E07-2AB4-400D-8F84-C715F883B02D}.Debug|Any CPU.ActiveCfg = Debug|Any CPU
		{05FA4E07-2AB4-400D-8F84-C715F883B02D}.Debug|Any CPU.Build.0 = Debug|Any CPU
		{05FA4E07-2AB4-400D-8F84-C715F883B02D}.Release|Any CPU.ActiveCfg = Release|Any CPU
		{05FA4E07-2AB4-400D-8F84-C715F883B02D}.Release|Any CPU.Build.0 = Release|Any CPU
		{849ADB0D-E0F2-42B3-B050-7DAB06AFD6F4}.Debug|Any CPU.ActiveCfg = Debug|Any CPU
		{849ADB0D-E0F2-42B3-B050-7DAB06AFD6F4}.Debug|Any CPU.Build.0 = Debug|Any CPU
		{849ADB0D-E0F2-42B3-B050-7DAB06AFD6F4}.Release|Any CPU.ActiveCfg = Release|Any CPU
		{849ADB0D-E0F2-42B3-B050-7DAB06AFD6F4}.Release|Any CPU.Build.0 = Release|Any CPU
		{6159C1BC-C216-4977-881C-DB34F5007FB0}.Debug|Any CPU.ActiveCfg = Debug|Any CPU
		{6159C1BC-C216-4977-881C-DB34F5007FB0}.Debug|Any CPU.Build.0 = Debug|Any CPU
		{6159C1BC-C216-4977-881C-DB34F5007FB0}.Release|Any CPU.ActiveCfg = Release|Any CPU
		{6159C1BC-C216-4977-881C-DB34F5007FB0}.Release|Any CPU.Build.0 = Release|Any CPU
		{DC0711AC-1192-495F-9493-9DDA267B590C}.Debug|Any CPU.ActiveCfg = Debug|Any CPU
		{DC0711AC-1192-495F-9493-9DDA267B590C}.Debug|Any CPU.Build.0 = Debug|Any CPU
		{DC0711AC-1192-495F-9493-9DDA267B590C}.Release|Any CPU.ActiveCfg = Release|Any CPU
		{DC0711AC-1192-495F-9493-9DDA267B590C}.Release|Any CPU.Build.0 = Release|Any CPU
	EndGlobalSection
	GlobalSection(NestedProjects) = preSolution
		{97FDB601-7064-4EAC-9E11-C2890F48CE42} = {A9CAB064-E1BA-44AB-870E-A72C6D1AA904}
		{05FA4E07-2AB4-400D-8F84-C715F883B02D} = {A9CAB064-E1BA-44AB-870E-A72C6D1AA904}
		{849ADB0D-E0F2-42B3-B050-7DAB06AFD6F4} = {A9CAB064-E1BA-44AB-870E-A72C6D1AA904}
		{6159C1BC-C216-4977-881C-DB34F5007FB0} = {A9CAB064-E1BA-44AB-870E-A72C6D1AA904}
		{DC0711AC-1192-495F-9493-9DDA267B590C} = {25FAED6F-3739-4D14-BFBA-D9C93B0FB250}
	EndGlobalSection
EndGlobal
